github.com/lubeso/hugo-theme-tailwindcss v0.1.0 h1:GWYolNdQy6v5xP5DLzYkerOa6BkuRwMVHMkqSn7usvI=
github.com/lubeso/hugo-theme-tailwindcss v0.1.0/go.mod h1:aLcP5S4ytDZXGfeGIcm01oWtuMWCU0iQjqL0GR+G+uE=
github.com/lubeso/hugo-theme-tailwindcss v0.1.1 h1:KFtT/oX5/09B8BzVwV3U8V6d5Uy2zhplXaJZg0mTu3k=
github.com/lubeso/hugo-theme-tailwindcss v0.1.1/go.mod h1:aLcP5S4ytDZXGfeGIcm01oWtuMWCU0iQjqL0GR+G+uE=
