github.com/lubeso/hugo-theme-opengraph v0.1.4 h1:sOfyow6KIkABL9z4H10PvirvGgtlgOaNO48+txEjZ3c=
github.com/lubeso/hugo-theme-opengraph v0.1.4/go.mod h1:PtiN5rrGpc73E/mVY2u/INMaX7bKq9FSMAEcv7+KA88=
github.com/lubeso/hugo-theme-tailwindcss v0.2.3 h1:pynwULFk6qAUyppnIdiNMBnAzcX4QUls6dltG28eDGY=
github.com/lubeso/hugo-theme-tailwindcss v0.2.3/go.mod h1:aLcP5S4ytDZXGfeGIcm01oWtuMWCU0iQjqL0GR+G+uE=
github.com/lubeso/hugo-theme-typescript v0.1.0 h1:2gb86Kc6rwYm7R9f2SG2JvCumZYzpCUQ7CzLlLLaYls=
github.com/lubeso/hugo-theme-typescript v0.1.0/go.mod h1:csGZeBLK+ILsYvoSeOzgeBfyRxQHQxafRoSZlUA9z90=
